Microsoft Visual Studio Solution File, Format Version 11.00
# Visual Studio 2008

Project("{07047B4A-0375-B3DA-BECC-81961B99A906}") = "2DPlataform", "Assembly-CSharp.csproj", "{9424A853-9A8E-B0DE-686C-B61DA1A098E3}"
EndProject
Global
	GlobalSection(SolutionConfigurationPlatforms) = preSolution
		Debug|Any CPU = Debug|Any CPU
		Release|Any CPU = Release|Any CPU
	EndGlobalSection
	GlobalSection(ProjectConfigurationPlatforms) = postSolution
		{9424A853-9A8E-B0DE-686C-B61DA1A098E3}.Debug|Any CPU.ActiveCfg = Debug|Any CPU
		{9424A853-9A8E-B0DE-686C-B61DA1A098E3}.Debug|Any CPU.Build.0 = Debug|Any CPU
		{9424A853-9A8E-B0DE-686C-B61DA1A098E3}.Release|Any CPU.ActiveCfg = Release|Any CPU
		{9424A853-9A8E-B0DE-686C-B61DA1A098E3}.Release|Any CPU.Build.0 = Release|Any CPU
	EndGlobalSection
	GlobalSection(SolutionProperties) = preSolution
		HideSolutionNode = FALSE
	EndGlobalSection
	GlobalSection(MonoDevelopProperties) = preSolution
		StartupItem = Assembly-CSharp.csproj
	EndGlobalSection
EndGlobal
